
Microsoft Visual Studio Solution File, Format Version 12.00
# Visual Studio Version 17
VisualStudioVersion = 17.0.31903.59
MinimumVisualStudioVersion = 10.0.40219.1
Project("{9A19103F-16F7-4668-BE54-9A1E7A4F7556}") = "Application.Test", "Application.Test\Application.Test.csproj", "{9093A532-7059-4504-BE6B-E8068B661AE9}"
EndProject
Project("{9A19103F-16F7-4668-BE54-9A1E7A4F7556}") = "Application.Database", "Application.Database\Application.Database.csproj", "{FF21F565-2364-4869-959F-021BF078F5DC}"
EndProject
Project("{9A19103F-16F7-4668-BE54-9A1E7A4F7556}") = "Application.Database.Interfaces", "Application.Database.Interfaces\Application.Database.Interfaces.csproj", "{B8A944C0-214A-4408-94B0-E777F6655DF5}"
EndProject
Project("{9A19103F-16F7-4668-BE54-9A1E7A4F7556}") = "Application.Library", "Application.Library\Application.Library.csproj", "{0639BC3F-9A6E-4CE6-82E9-93781C02BFB6}"
EndProject
Project("{9A19103F-16F7-4668-BE54-9A1E7A4F7556}") = "Shared.Services", "Shared.Services\Shared.Services.csproj", "{AEDD5002-86ED-4EAC-9A0B-BFF9AAD2AD5E}"
EndProject
Project("{9A19103F-16F7-4668-BE54-9A1E7A4F7556}") = "Shared.Extensions", "Shared.Extensions\Shared.Extensions.csproj", "{F6A3E411-ADE9-48CB-9836-EA64BCB90D3B}"
EndProject
Project("{9A19103F-16F7-4668-BE54-9A1E7A4F7556}") = "Authentication.Controller.Models", "Authentication.Controller.Models\Authentication.Controller.Models.csproj", "{644D91D8-599F-44BF-A9B1-3ADF93AC0EE3}"
EndProject
Project("{9A19103F-16F7-4668-BE54-9A1E7A4F7556}") = "Web.ApiM1.Controller.Models", "Web.ApiM1.Controller.Models\Web.ApiM1.Controller.Models.csproj", "{D97DD31E-E078-4493-9A98-4056444A2B35}"
EndProject
Project("{9A19103F-16F7-4668-BE54-9A1E7A4F7556}") = "Web.ApiM2.Controller.Models", "Web.ApiM2.Controller.Models\Web.ApiM2.Controller.Models.csproj", "{916C8B3A-7C4B-417D-BFD4-E838A4995D87}"
EndProject
Global
	GlobalSection(SolutionConfigurationPlatforms) = preSolution
		Debug|Any CPU = Debug|Any CPU
		Release|Any CPU = Release|Any CPU
	EndGlobalSection
	GlobalSection(ProjectConfigurationPlatforms) = postSolution
		{9093A532-7059-4504-BE6B-E8068B661AE9}.Debug|Any CPU.ActiveCfg = Debug|Any CPU
		{9093A532-7059-4504-BE6B-E8068B661AE9}.Debug|Any CPU.Build.0 = Debug|Any CPU
		{9093A532-7059-4504-BE6B-E8068B661AE9}.Release|Any CPU.ActiveCfg = Release|Any CPU
		{9093A532-7059-4504-BE6B-E8068B661AE9}.Release|Any CPU.Build.0 = Release|Any CPU
		{FF21F565-2364-4869-959F-021BF078F5DC}.Debug|Any CPU.ActiveCfg = Debug|Any CPU
		{FF21F565-2364-4869-959F-021BF078F5DC}.Debug|Any CPU.Build.0 = Debug|Any CPU
		{FF21F565-2364-4869-959F-021BF078F5DC}.Release|Any CPU.ActiveCfg = Release|Any CPU
		{FF21F565-2364-4869-959F-021BF078F5DC}.Release|Any CPU.Build.0 = Release|Any CPU
		{B8A944C0-214A-4408-94B0-E777F6655DF5}.Debug|Any CPU.ActiveCfg = Debug|Any CPU
		{B8A944C0-214A-4408-94B0-E777F6655DF5}.Debug|Any CPU.Build.0 = Debug|Any CPU
		{B8A944C0-214A-4408-94B0-E777F6655DF5}.Release|Any CPU.ActiveCfg = Release|Any CPU
		{B8A944C0-214A-4408-94B0-E777F6655DF5}.Release|Any CPU.Build.0 = Release|Any CPU
		{0639BC3F-9A6E-4CE6-82E9-93781C02BFB6}.Debug|Any CPU.ActiveCfg = Debug|Any CPU
		{0639BC3F-9A6E-4CE6-82E9-93781C02BFB6}.Debug|Any CPU.Build.0 = Debug|Any CPU
		{0639BC3F-9A6E-4CE6-82E9-93781C02BFB6}.Release|Any CPU.ActiveCfg = Release|Any CPU
		{0639BC3F-9A6E-4CE6-82E9-93781C02BFB6}.Release|Any CPU.Build.0 = Release|Any CPU
		{AEDD5002-86ED-4EAC-9A0B-BFF9AAD2AD5E}.Debug|Any CPU.ActiveCfg = Debug|Any CPU
		{AEDD5002-86ED-4EAC-9A0B-BFF9AAD2AD5E}.Debug|Any CPU.Build.0 = Debug|Any CPU
		{AEDD5002-86ED-4EAC-9A0B-BFF9AAD2AD5E}.Release|Any CPU.ActiveCfg = Release|Any CPU
		{AEDD5002-86ED-4EAC-9A0B-BFF9AAD2AD5E}.Release|Any CPU.Build.0 = Release|Any CPU
		{F6A3E411-ADE9-48CB-9836-EA64BCB90D3B}.Debug|Any CPU.ActiveCfg = Debug|Any CPU
		{F6A3E411-ADE9-48CB-9836-EA64BCB90D3B}.Debug|Any CPU.Build.0 = Debug|Any CPU
		{F6A3E411-ADE9-48CB-9836-EA64BCB90D3B}.Release|Any CPU.ActiveCfg = Release|Any CPU
		{F6A3E411-ADE9-48CB-9836-EA64BCB90D3B}.Release|Any CPU.Build.0 = Release|Any CPU
		{644D91D8-599F-44BF-A9B1-3ADF93AC0EE3}.Debug|Any CPU.ActiveCfg = Debug|Any CPU
		{644D91D8-599F-44BF-A9B1-3ADF93AC0EE3}.Debug|Any CPU.Build.0 = Debug|Any CPU
		{644D91D8-599F-44BF-A9B1-3ADF93AC0EE3}.Release|Any CPU.ActiveCfg = Release|Any CPU
		{644D91D8-599F-44BF-A9B1-3ADF93AC0EE3}.Release|Any CPU.Build.0 = Release|Any CPU
		{D97DD31E-E078-4493-9A98-4056444A2B35}.Debug|Any CPU.ActiveCfg = Debug|Any CPU
		{D97DD31E-E078-4493-9A98-4056444A2B35}.Debug|Any CPU.Build.0 = Debug|Any CPU
		{D97DD31E-E078-4493-9A98-4056444A2B35}.Release|Any CPU.ActiveCfg = Release|Any CPU
		{D97DD31E-E078-4493-9A98-4056444A2B35}.Release|Any CPU.Build.0 = Release|Any CPU
		{916C8B3A-7C4B-417D-BFD4-E838A4995D87}.Debug|Any CPU.ActiveCfg = Debug|Any CPU
		{916C8B3A-7C4B-417D-BFD4-E838A4995D87}.Debug|Any CPU.Build.0 = Debug|Any CPU
		{916C8B3A-7C4B-417D-BFD4-E838A4995D87}.Release|Any CPU.ActiveCfg = Release|Any CPU
		{916C8B3A-7C4B-417D-BFD4-E838A4995D87}.Release|Any CPU.Build.0 = Release|Any CPU
	EndGlobalSection
	GlobalSection(SolutionProperties) = preSolution
		HideSolutionNode = FALSE
	EndGlobalSection
	GlobalSection(ExtensibilityGlobals) = postSolution
		SolutionGuid = {08BECA92-1564-433D-89F5-B7A02CFE57A3}
	EndGlobalSection
EndGlobal
