
Microsoft Visual Studio Solution File, Format Version 12.00
# Visual Studio Version 17
VisualStudioVersion = 17.4.33103.184
MinimumVisualStudioVersion = 10.0.40219.1
Project("{9A19103F-16F7-4668-BE54-9A1E7A4F7556}") = "Authentication.Service", "Authentication.Service\Authentication.Service.csproj", "{B66190A1-9462-4DB7-9BD5-38305864857A}"
EndProject
Project("{FAE04EC0-301F-11D3-BF4B-00C04F79EFBC}") = "Application.Library", "Application.Library\Application.Library.csproj", "{4E93B4ED-8F2E-49BA-B0A7-56933C747FA5}"
EndProject
Project("{FAE04EC0-301F-11D3-BF4B-00C04F79EFBC}") = "Application.Core", "Application.Core\Application.Core.csproj", "{624870F6-F20D-47ED-B370-FD0972572213}"
EndProject
Project("{FAE04EC0-301F-11D3-BF4B-00C04F79EFBC}") = "Application.Database", "Application.Database\Application.Database.csproj", "{54EFC8B8-4D8A-4E24-8D56-D44383BF8B8D}"
EndProject
Project("{FAE04EC0-301F-11D3-BF4B-00C04F79EFBC}") = "Authentication.Repositories", "Authentication.Repositories\Authentication.Repositories.csproj", "{D016CD1F-AB24-4C6F-A552-AA8E29FE0188}"
EndProject
Project("{FAE04EC0-301F-11D3-BF4B-00C04F79EFBC}") = "Authentication.Controller.Models", "Authentication.Controller.Models\Authentication.Controller.Models.csproj", "{0115FC23-F8B4-433D-9CE2-741216114443}"
EndProject
Project("{FAE04EC0-301F-11D3-BF4B-00C04F79EFBC}") = "Shared.Services", "Shared.Services\Shared.Services.csproj", "{2F9445E9-9E68-43C9-8364-32AC5C4F39C7}"
EndProject
Project("{FAE04EC0-301F-11D3-BF4B-00C04F79EFBC}") = "Authentication.Controller", "Authentication.Controller\Authentication.Controller.csproj", "{D8986D72-644B-4603-B158-131650D0ED37}"
EndProject
Project("{FAE04EC0-301F-11D3-BF4B-00C04F79EFBC}") = "Shared.Extensions", "Shared.Extensions\Shared.Extensions.csproj", "{580D2E43-2116-401E-9751-65891DF032BE}"
EndProject
Project("{FAE04EC0-301F-11D3-BF4B-00C04F79EFBC}") = "Application.Database.Interfaces", "Application.Database.Interfaces\Application.Database.Interfaces.csproj", "{6F4AA4FD-382D-4E2E-9CCA-1C837B6E4BCE}"
EndProject
Global
	GlobalSection(SolutionConfigurationPlatforms) = preSolution
		Debug|Any CPU = Debug|Any CPU
		Release|Any CPU = Release|Any CPU
	EndGlobalSection
	GlobalSection(ProjectConfigurationPlatforms) = postSolution
		{B66190A1-9462-4DB7-9BD5-38305864857A}.Debug|Any CPU.ActiveCfg = Debug|Any CPU
		{B66190A1-9462-4DB7-9BD5-38305864857A}.Debug|Any CPU.Build.0 = Debug|Any CPU
		{B66190A1-9462-4DB7-9BD5-38305864857A}.Release|Any CPU.ActiveCfg = Release|Any CPU
		{B66190A1-9462-4DB7-9BD5-38305864857A}.Release|Any CPU.Build.0 = Release|Any CPU
		{4E93B4ED-8F2E-49BA-B0A7-56933C747FA5}.Debug|Any CPU.ActiveCfg = Debug|Any CPU
		{4E93B4ED-8F2E-49BA-B0A7-56933C747FA5}.Debug|Any CPU.Build.0 = Debug|Any CPU
		{4E93B4ED-8F2E-49BA-B0A7-56933C747FA5}.Release|Any CPU.ActiveCfg = Release|Any CPU
		{4E93B4ED-8F2E-49BA-B0A7-56933C747FA5}.Release|Any CPU.Build.0 = Release|Any CPU
		{624870F6-F20D-47ED-B370-FD0972572213}.Debug|Any CPU.ActiveCfg = Debug|Any CPU
		{624870F6-F20D-47ED-B370-FD0972572213}.Debug|Any CPU.Build.0 = Debug|Any CPU
		{624870F6-F20D-47ED-B370-FD0972572213}.Release|Any CPU.ActiveCfg = Release|Any CPU
		{624870F6-F20D-47ED-B370-FD0972572213}.Release|Any CPU.Build.0 = Release|Any CPU
		{54EFC8B8-4D8A-4E24-8D56-D44383BF8B8D}.Debug|Any CPU.ActiveCfg = Debug|Any CPU
		{54EFC8B8-4D8A-4E24-8D56-D44383BF8B8D}.Debug|Any CPU.Build.0 = Debug|Any CPU
		{54EFC8B8-4D8A-4E24-8D56-D44383BF8B8D}.Release|Any CPU.ActiveCfg = Release|Any CPU
		{54EFC8B8-4D8A-4E24-8D56-D44383BF8B8D}.Release|Any CPU.Build.0 = Release|Any CPU
		{D016CD1F-AB24-4C6F-A552-AA8E29FE0188}.Debug|Any CPU.ActiveCfg = Debug|Any CPU
		{D016CD1F-AB24-4C6F-A552-AA8E29FE0188}.Debug|Any CPU.Build.0 = Debug|Any CPU
		{D016CD1F-AB24-4C6F-A552-AA8E29FE0188}.Release|Any CPU.ActiveCfg = Release|Any CPU
		{D016CD1F-AB24-4C6F-A552-AA8E29FE0188}.Release|Any CPU.Build.0 = Release|Any CPU
		{0115FC23-F8B4-433D-9CE2-741216114443}.Debug|Any CPU.ActiveCfg = Debug|Any CPU
		{0115FC23-F8B4-433D-9CE2-741216114443}.Debug|Any CPU.Build.0 = Debug|Any CPU
		{0115FC23-F8B4-433D-9CE2-741216114443}.Release|Any CPU.ActiveCfg = Release|Any CPU
		{0115FC23-F8B4-433D-9CE2-741216114443}.Release|Any CPU.Build.0 = Release|Any CPU
		{2F9445E9-9E68-43C9-8364-32AC5C4F39C7}.Debug|Any CPU.ActiveCfg = Debug|Any CPU
		{2F9445E9-9E68-43C9-8364-32AC5C4F39C7}.Debug|Any CPU.Build.0 = Debug|Any CPU
		{2F9445E9-9E68-43C9-8364-32AC5C4F39C7}.Release|Any CPU.ActiveCfg = Release|Any CPU
		{2F9445E9-9E68-43C9-8364-32AC5C4F39C7}.Release|Any CPU.Build.0 = Release|Any CPU
		{D8986D72-644B-4603-B158-131650D0ED37}.Debug|Any CPU.ActiveCfg = Debug|Any CPU
		{D8986D72-644B-4603-B158-131650D0ED37}.Debug|Any CPU.Build.0 = Debug|Any CPU
		{D8986D72-644B-4603-B158-131650D0ED37}.Release|Any CPU.ActiveCfg = Release|Any CPU
		{D8986D72-644B-4603-B158-131650D0ED37}.Release|Any CPU.Build.0 = Release|Any CPU
		{580D2E43-2116-401E-9751-65891DF032BE}.Debug|Any CPU.ActiveCfg = Debug|Any CPU
		{580D2E43-2116-401E-9751-65891DF032BE}.Debug|Any CPU.Build.0 = Debug|Any CPU
		{580D2E43-2116-401E-9751-65891DF032BE}.Release|Any CPU.ActiveCfg = Release|Any CPU
		{580D2E43-2116-401E-9751-65891DF032BE}.Release|Any CPU.Build.0 = Release|Any CPU
		{6F4AA4FD-382D-4E2E-9CCA-1C837B6E4BCE}.Debug|Any CPU.ActiveCfg = Debug|Any CPU
		{6F4AA4FD-382D-4E2E-9CCA-1C837B6E4BCE}.Debug|Any CPU.Build.0 = Debug|Any CPU
		{6F4AA4FD-382D-4E2E-9CCA-1C837B6E4BCE}.Release|Any CPU.ActiveCfg = Release|Any CPU
		{6F4AA4FD-382D-4E2E-9CCA-1C837B6E4BCE}.Release|Any CPU.Build.0 = Release|Any CPU
	EndGlobalSection
	GlobalSection(SolutionProperties) = preSolution
		HideSolutionNode = FALSE
	EndGlobalSection
	GlobalSection(ExtensibilityGlobals) = postSolution
		SolutionGuid = {8ABB3028-C6CD-4B8D-8CAB-A2ACB7728A14}
	EndGlobalSection
EndGlobal
