
Microsoft Visual Studio Solution File, Format Version 12.00
# Visual Studio Version 17
VisualStudioVersion = 17.4.33103.184
MinimumVisualStudioVersion = 10.0.40219.1
Project("{9A19103F-16F7-4668-BE54-9A1E7A4F7556}") = "Web.ApiM1", "Web.ApiM1\Web.ApiM1.csproj", "{714C0CE4-387A-4AB5-AB97-4F1C4C432103}"
EndProject
Project("{FAE04EC0-301F-11D3-BF4B-00C04F79EFBC}") = "Web.ApiM1.Controller", "Web.ApiM1.Controller\Web.ApiM1.Controller.csproj", "{B9C2DBBE-1CE8-459C-9DE3-215C52A24C2F}"
EndProject
Project("{FAE04EC0-301F-11D3-BF4B-00C04F79EFBC}") = "Web.ApiM1.Controller.Models", "Web.ApiM1.Controller.Models\Web.ApiM1.Controller.Models.csproj", "{DFE9188C-0173-430F-99E4-8C0925FC8A12}"
EndProject
Project("{FAE04EC0-301F-11D3-BF4B-00C04F79EFBC}") = "Web.ApiM1.Repositories", "Web.ApiM1.Repositories\Web.ApiM1.Repositories.csproj", "{CE0D0FA0-FAEE-405D-82C5-6EB010DF703C}"
EndProject
Project("{FAE04EC0-301F-11D3-BF4B-00C04F79EFBC}") = "Application.Core", "Application.Core\Application.Core.csproj", "{6FBB1593-89EA-4B56-A624-39734BC0F780}"
EndProject
Project("{FAE04EC0-301F-11D3-BF4B-00C04F79EFBC}") = "Application.Database", "Application.Database\Application.Database.csproj", "{BDC844CF-D8BF-4E10-BC0C-4C5ADBB6F884}"
EndProject
Project("{FAE04EC0-301F-11D3-BF4B-00C04F79EFBC}") = "Application.Library", "Application.Library\Application.Library.csproj", "{767E7B2F-C0E4-4F08-9686-0BCD6758E032}"
EndProject
Project("{FAE04EC0-301F-11D3-BF4B-00C04F79EFBC}") = "Shared.Services", "Shared.Services\Shared.Services.csproj", "{E29E0345-2084-4100-BEAC-CA1822F56E09}"
EndProject
Project("{FAE04EC0-301F-11D3-BF4B-00C04F79EFBC}") = "Shared.Extensions", "Shared.Extensions\Shared.Extensions.csproj", "{0281EF33-720A-4163-9452-99DA343E6146}"
EndProject
Global
	GlobalSection(SolutionConfigurationPlatforms) = preSolution
		Debug|Any CPU = Debug|Any CPU
		Release|Any CPU = Release|Any CPU
	EndGlobalSection
	GlobalSection(ProjectConfigurationPlatforms) = postSolution
		{714C0CE4-387A-4AB5-AB97-4F1C4C432103}.Debug|Any CPU.ActiveCfg = Debug|Any CPU
		{714C0CE4-387A-4AB5-AB97-4F1C4C432103}.Debug|Any CPU.Build.0 = Debug|Any CPU
		{714C0CE4-387A-4AB5-AB97-4F1C4C432103}.Release|Any CPU.ActiveCfg = Release|Any CPU
		{714C0CE4-387A-4AB5-AB97-4F1C4C432103}.Release|Any CPU.Build.0 = Release|Any CPU
		{B9C2DBBE-1CE8-459C-9DE3-215C52A24C2F}.Debug|Any CPU.ActiveCfg = Debug|Any CPU
		{B9C2DBBE-1CE8-459C-9DE3-215C52A24C2F}.Debug|Any CPU.Build.0 = Debug|Any CPU
		{B9C2DBBE-1CE8-459C-9DE3-215C52A24C2F}.Release|Any CPU.ActiveCfg = Release|Any CPU
		{B9C2DBBE-1CE8-459C-9DE3-215C52A24C2F}.Release|Any CPU.Build.0 = Release|Any CPU
		{DFE9188C-0173-430F-99E4-8C0925FC8A12}.Debug|Any CPU.ActiveCfg = Debug|Any CPU
		{DFE9188C-0173-430F-99E4-8C0925FC8A12}.Debug|Any CPU.Build.0 = Debug|Any CPU
		{DFE9188C-0173-430F-99E4-8C0925FC8A12}.Release|Any CPU.ActiveCfg = Release|Any CPU
		{DFE9188C-0173-430F-99E4-8C0925FC8A12}.Release|Any CPU.Build.0 = Release|Any CPU
		{CE0D0FA0-FAEE-405D-82C5-6EB010DF703C}.Debug|Any CPU.ActiveCfg = Debug|Any CPU
		{CE0D0FA0-FAEE-405D-82C5-6EB010DF703C}.Debug|Any CPU.Build.0 = Debug|Any CPU
		{CE0D0FA0-FAEE-405D-82C5-6EB010DF703C}.Release|Any CPU.ActiveCfg = Release|Any CPU
		{CE0D0FA0-FAEE-405D-82C5-6EB010DF703C}.Release|Any CPU.Build.0 = Release|Any CPU
		{6FBB1593-89EA-4B56-A624-39734BC0F780}.Debug|Any CPU.ActiveCfg = Debug|Any CPU
		{6FBB1593-89EA-4B56-A624-39734BC0F780}.Debug|Any CPU.Build.0 = Debug|Any CPU
		{6FBB1593-89EA-4B56-A624-39734BC0F780}.Release|Any CPU.ActiveCfg = Release|Any CPU
		{6FBB1593-89EA-4B56-A624-39734BC0F780}.Release|Any CPU.Build.0 = Release|Any CPU
		{BDC844CF-D8BF-4E10-BC0C-4C5ADBB6F884}.Debug|Any CPU.ActiveCfg = Debug|Any CPU
		{BDC844CF-D8BF-4E10-BC0C-4C5ADBB6F884}.Debug|Any CPU.Build.0 = Debug|Any CPU
		{BDC844CF-D8BF-4E10-BC0C-4C5ADBB6F884}.Release|Any CPU.ActiveCfg = Release|Any CPU
		{BDC844CF-D8BF-4E10-BC0C-4C5ADBB6F884}.Release|Any CPU.Build.0 = Release|Any CPU
		{767E7B2F-C0E4-4F08-9686-0BCD6758E032}.Debug|Any CPU.ActiveCfg = Debug|Any CPU
		{767E7B2F-C0E4-4F08-9686-0BCD6758E032}.Debug|Any CPU.Build.0 = Debug|Any CPU
		{767E7B2F-C0E4-4F08-9686-0BCD6758E032}.Release|Any CPU.ActiveCfg = Release|Any CPU
		{767E7B2F-C0E4-4F08-9686-0BCD6758E032}.Release|Any CPU.Build.0 = Release|Any CPU
		{E29E0345-2084-4100-BEAC-CA1822F56E09}.Debug|Any CPU.ActiveCfg = Debug|Any CPU
		{E29E0345-2084-4100-BEAC-CA1822F56E09}.Debug|Any CPU.Build.0 = Debug|Any CPU
		{E29E0345-2084-4100-BEAC-CA1822F56E09}.Release|Any CPU.ActiveCfg = Release|Any CPU
		{E29E0345-2084-4100-BEAC-CA1822F56E09}.Release|Any CPU.Build.0 = Release|Any CPU
		{0281EF33-720A-4163-9452-99DA343E6146}.Debug|Any CPU.ActiveCfg = Debug|Any CPU
		{0281EF33-720A-4163-9452-99DA343E6146}.Debug|Any CPU.Build.0 = Debug|Any CPU
		{0281EF33-720A-4163-9452-99DA343E6146}.Release|Any CPU.ActiveCfg = Release|Any CPU
		{0281EF33-720A-4163-9452-99DA343E6146}.Release|Any CPU.Build.0 = Release|Any CPU
	EndGlobalSection
	GlobalSection(SolutionProperties) = preSolution
		HideSolutionNode = FALSE
	EndGlobalSection
	GlobalSection(ExtensibilityGlobals) = postSolution
		SolutionGuid = {EB202CC6-EB55-44A7-A493-07849300E05B}
	EndGlobalSection
EndGlobal
