
Microsoft Visual Studio Solution File, Format Version 12.00
# Visual Studio Version 17
VisualStudioVersion = 17.4.33103.184
MinimumVisualStudioVersion = 10.0.40219.1
Project("{9A19103F-16F7-4668-BE54-9A1E7A4F7556}") = "Web.ApiM2", "Web.ApiM2\Web.ApiM2.csproj", "{CA8E3EC4-840A-4211-AB5B-70724A0F4073}"
EndProject
Project("{9A19103F-16F7-4668-BE54-9A1E7A4F7556}") = "Application.Core", "Application.Core\Application.Core.csproj", "{2F8AA028-017D-4BBD-A63B-7882C7BAEA7A}"
EndProject
Project("{9A19103F-16F7-4668-BE54-9A1E7A4F7556}") = "Application.Database", "Application.Database\Application.Database.csproj", "{9E438372-22C3-4DDB-8CD1-237C3C999A8F}"
EndProject
Project("{9A19103F-16F7-4668-BE54-9A1E7A4F7556}") = "Application.Library", "Application.Library\Application.Library.csproj", "{779EF041-7C56-4E10-8168-0F8391D790D4}"
EndProject
Project("{9A19103F-16F7-4668-BE54-9A1E7A4F7556}") = "Shared.Services", "Shared.Services\Shared.Services.csproj", "{D06994A0-2A2B-4AC1-A0AE-34354CD748A0}"
EndProject
Project("{FAE04EC0-301F-11D3-BF4B-00C04F79EFBC}") = "Web.ApiM2.Repositories", "Web.ApiM2.Repositories\Web.ApiM2.Repositories.csproj", "{03E246CE-05F1-4F10-A66B-7876D6958BB5}"
EndProject
Project("{FAE04EC0-301F-11D3-BF4B-00C04F79EFBC}") = "Web.ApiM2.Controller.Models", "Web.ApiM2.Controller.Models\Web.ApiM2.Controller.Models.csproj", "{AC490CFA-7BFB-4824-9E30-3717D568F273}"
EndProject
Project("{FAE04EC0-301F-11D3-BF4B-00C04F79EFBC}") = "Web.ApiM2.Controller", "Web.ApiM2.Controller\Web.ApiM2.Controller.csproj", "{584E9EDB-5EB7-41FC-B106-D87462B2C2B6}"
EndProject
Project("{FAE04EC0-301F-11D3-BF4B-00C04F79EFBC}") = "Shared.Extensions", "Shared.Extensions\Shared.Extensions.csproj", "{329FF920-3E88-4DF3-A01C-BFC0E6C84C6F}"
EndProject
Project("{FAE04EC0-301F-11D3-BF4B-00C04F79EFBC}") = "Application.Database.Interfaces", "Application.Database.Interfaces\Application.Database.Interfaces.csproj", "{91ADC6A8-BF69-488C-9AA0-386B286753FE}"
EndProject
Project("{FAE04EC0-301F-11D3-BF4B-00C04F79EFBC}") = "Application.Messages", "Application.Messages\Application.Messages.csproj", "{A83DCEF3-7B06-4CCD-933A-B02A8483A5B3}"
EndProject
Global
	GlobalSection(SolutionConfigurationPlatforms) = preSolution
		Debug|Any CPU = Debug|Any CPU
		Release|Any CPU = Release|Any CPU
	EndGlobalSection
	GlobalSection(ProjectConfigurationPlatforms) = postSolution
		{CA8E3EC4-840A-4211-AB5B-70724A0F4073}.Debug|Any CPU.ActiveCfg = Debug|Any CPU
		{CA8E3EC4-840A-4211-AB5B-70724A0F4073}.Debug|Any CPU.Build.0 = Debug|Any CPU
		{CA8E3EC4-840A-4211-AB5B-70724A0F4073}.Release|Any CPU.ActiveCfg = Release|Any CPU
		{CA8E3EC4-840A-4211-AB5B-70724A0F4073}.Release|Any CPU.Build.0 = Release|Any CPU
		{2F8AA028-017D-4BBD-A63B-7882C7BAEA7A}.Debug|Any CPU.ActiveCfg = Debug|Any CPU
		{2F8AA028-017D-4BBD-A63B-7882C7BAEA7A}.Debug|Any CPU.Build.0 = Debug|Any CPU
		{2F8AA028-017D-4BBD-A63B-7882C7BAEA7A}.Release|Any CPU.ActiveCfg = Release|Any CPU
		{2F8AA028-017D-4BBD-A63B-7882C7BAEA7A}.Release|Any CPU.Build.0 = Release|Any CPU
		{9E438372-22C3-4DDB-8CD1-237C3C999A8F}.Debug|Any CPU.ActiveCfg = Debug|Any CPU
		{9E438372-22C3-4DDB-8CD1-237C3C999A8F}.Debug|Any CPU.Build.0 = Debug|Any CPU
		{9E438372-22C3-4DDB-8CD1-237C3C999A8F}.Release|Any CPU.ActiveCfg = Release|Any CPU
		{9E438372-22C3-4DDB-8CD1-237C3C999A8F}.Release|Any CPU.Build.0 = Release|Any CPU
		{779EF041-7C56-4E10-8168-0F8391D790D4}.Debug|Any CPU.ActiveCfg = Debug|Any CPU
		{779EF041-7C56-4E10-8168-0F8391D790D4}.Debug|Any CPU.Build.0 = Debug|Any CPU
		{779EF041-7C56-4E10-8168-0F8391D790D4}.Release|Any CPU.ActiveCfg = Release|Any CPU
		{779EF041-7C56-4E10-8168-0F8391D790D4}.Release|Any CPU.Build.0 = Release|Any CPU
		{D06994A0-2A2B-4AC1-A0AE-34354CD748A0}.Debug|Any CPU.ActiveCfg = Debug|Any CPU
		{D06994A0-2A2B-4AC1-A0AE-34354CD748A0}.Debug|Any CPU.Build.0 = Debug|Any CPU
		{D06994A0-2A2B-4AC1-A0AE-34354CD748A0}.Release|Any CPU.ActiveCfg = Release|Any CPU
		{D06994A0-2A2B-4AC1-A0AE-34354CD748A0}.Release|Any CPU.Build.0 = Release|Any CPU
		{03E246CE-05F1-4F10-A66B-7876D6958BB5}.Debug|Any CPU.ActiveCfg = Debug|Any CPU
		{03E246CE-05F1-4F10-A66B-7876D6958BB5}.Debug|Any CPU.Build.0 = Debug|Any CPU
		{03E246CE-05F1-4F10-A66B-7876D6958BB5}.Release|Any CPU.ActiveCfg = Release|Any CPU
		{03E246CE-05F1-4F10-A66B-7876D6958BB5}.Release|Any CPU.Build.0 = Release|Any CPU
		{AC490CFA-7BFB-4824-9E30-3717D568F273}.Debug|Any CPU.ActiveCfg = Debug|Any CPU
		{AC490CFA-7BFB-4824-9E30-3717D568F273}.Debug|Any CPU.Build.0 = Debug|Any CPU
		{AC490CFA-7BFB-4824-9E30-3717D568F273}.Release|Any CPU.ActiveCfg = Release|Any CPU
		{AC490CFA-7BFB-4824-9E30-3717D568F273}.Release|Any CPU.Build.0 = Release|Any CPU
		{584E9EDB-5EB7-41FC-B106-D87462B2C2B6}.Debug|Any CPU.ActiveCfg = Debug|Any CPU
		{584E9EDB-5EB7-41FC-B106-D87462B2C2B6}.Debug|Any CPU.Build.0 = Debug|Any CPU
		{584E9EDB-5EB7-41FC-B106-D87462B2C2B6}.Release|Any CPU.ActiveCfg = Release|Any CPU
		{584E9EDB-5EB7-41FC-B106-D87462B2C2B6}.Release|Any CPU.Build.0 = Release|Any CPU
		{329FF920-3E88-4DF3-A01C-BFC0E6C84C6F}.Debug|Any CPU.ActiveCfg = Debug|Any CPU
		{329FF920-3E88-4DF3-A01C-BFC0E6C84C6F}.Debug|Any CPU.Build.0 = Debug|Any CPU
		{329FF920-3E88-4DF3-A01C-BFC0E6C84C6F}.Release|Any CPU.ActiveCfg = Release|Any CPU
		{329FF920-3E88-4DF3-A01C-BFC0E6C84C6F}.Release|Any CPU.Build.0 = Release|Any CPU
		{91ADC6A8-BF69-488C-9AA0-386B286753FE}.Debug|Any CPU.ActiveCfg = Debug|Any CPU
		{91ADC6A8-BF69-488C-9AA0-386B286753FE}.Debug|Any CPU.Build.0 = Debug|Any CPU
		{91ADC6A8-BF69-488C-9AA0-386B286753FE}.Release|Any CPU.ActiveCfg = Release|Any CPU
		{91ADC6A8-BF69-488C-9AA0-386B286753FE}.Release|Any CPU.Build.0 = Release|Any CPU
		{A83DCEF3-7B06-4CCD-933A-B02A8483A5B3}.Debug|Any CPU.ActiveCfg = Debug|Any CPU
		{A83DCEF3-7B06-4CCD-933A-B02A8483A5B3}.Debug|Any CPU.Build.0 = Debug|Any CPU
		{A83DCEF3-7B06-4CCD-933A-B02A8483A5B3}.Release|Any CPU.ActiveCfg = Release|Any CPU
		{A83DCEF3-7B06-4CCD-933A-B02A8483A5B3}.Release|Any CPU.Build.0 = Release|Any CPU
	EndGlobalSection
	GlobalSection(SolutionProperties) = preSolution
		HideSolutionNode = FALSE
	EndGlobalSection
	GlobalSection(ExtensibilityGlobals) = postSolution
		SolutionGuid = {0C113A1F-C032-414A-A012-BFDE9172C874}
	EndGlobalSection
EndGlobal
